
Microsoft Visual Studio Solution File, Format Version 12.00
# Visual Studio Version 17
VisualStudioVersion = 17.1.32414.318
MinimumVisualStudioVersion = 10.0.40219.1
Project("{888888A0-9F3D-457C-B088-3A5042F75D52}") = "BottleWebProject1", "BottleWebProject1\BottleWebProject1.pyproj", "{2CA89662-2930-4D3E-8859-827F589C2E8B}"
EndProject
Global
	GlobalSection(SolutionConfigurationPlatforms) = preSolution
		Debug|Any CPU = Debug|Any CPU
		Release|Any CPU = Release|Any CPU
	EndGlobalSection
	GlobalSection(ProjectConfigurationPlatforms) = postSolution
		{2CA89662-2930-4D3E-8859-827F589C2E8B}.Debug|Any CPU.ActiveCfg = Debug|Any CPU
		{2CA89662-2930-4D3E-8859-827F589C2E8B}.Debug|Any CPU.Build.0 = Debug|Any CPU
		{2CA89662-2930-4D3E-8859-827F589C2E8B}.Release|Any CPU.ActiveCfg = Release|Any CPU
		{2CA89662-2930-4D3E-8859-827F589C2E8B}.Release|Any CPU.Build.0 = Release|Any CPU
	EndGlobalSection
	GlobalSection(SolutionProperties) = preSolution
		HideSolutionNode = FALSE
	EndGlobalSection
	GlobalSection(ExtensibilityGlobals) = postSolution
		SolutionGuid = {35D8C790-D99B-47B5-87E0-BCB7CA4BCE8C}
	EndGlobalSection
EndGlobal
